{
  "object": {
    "pins": [
      {
        "package": "SalmonUI",
        "repositoryURL": "https://github.com/kamaal111/SalmonUI.git",
        "state": {
          "branch": null,
          "revision": "aa14f70393017dac784853d77c8179622527203d",
          "version": "5.0.0"
        }
      }
    ]
  },
  "version": 1
}
