{
  "object": {
    "pins": [
      {
        "package": "SalmonUI",
        "repositoryURL": "https://github.com/Kamaalio/SalmonUI.git",
        "state": {
          "branch": null,
          "revision": "add6319b93b53a7330d82a06c66e11c6c5b13d30",
          "version": "5.1.0"
        }
      }
    ]
  },
  "version": 1
}
